
Microsoft Visual Studio Solution File, Format Version 12.00
# Visual Studio Version 17
VisualStudioVersion = 17.4.33205.214
MinimumVisualStudioVersion = 10.0.40219.1
Project("{FAE04EC0-301F-11D3-BF4B-00C04F79EFBC}") = "ConsoleApp1", "ConsoleApp1\ConsoleApp1.csproj", "{B35C1AAB-0329-433F-A7C4-DEEDBD7F7614}"
EndProject
Global
	GlobalSection(SolutionConfigurationPlatforms) = preSolution
		Debug|Any CPU = Debug|Any CPU
		Release|Any CPU = Release|Any CPU
	EndGlobalSection
	GlobalSection(ProjectConfigurationPlatforms) = postSolution
		{B35C1AAB-0329-433F-A7C4-DEEDBD7F7614}.Debug|Any CPU.ActiveCfg = Debug|Any CPU
		{B35C1AAB-0329-433F-A7C4-DEEDBD7F7614}.Debug|Any CPU.Build.0 = Debug|Any CPU
		{B35C1AAB-0329-433F-A7C4-DEEDBD7F7614}.Release|Any CPU.ActiveCfg = Release|Any CPU
		{B35C1AAB-0329-433F-A7C4-DEEDBD7F7614}.Release|Any CPU.Build.0 = Release|Any CPU
	EndGlobalSection
	GlobalSection(SolutionProperties) = preSolution
		HideSolutionNode = FALSE
	EndGlobalSection
	GlobalSection(ExtensibilityGlobals) = postSolution
		SolutionGuid = {7EFC533A-BEC0-46E6-BE3E-C6B3C1C8F6CF}
	EndGlobalSection
EndGlobal
